{
  "lockfile_version": "1",
  "packages": {
    "php83Packages.composer@latest": {
      "last_modified": "2024-08-20T09:32:23Z",
      "resolved": "github:NixOS/nixpkgs/a04eac9c5aa7f82e02d6e9e0b203b6eb5704c141#php83Packages.composer",
      "source": "devbox-search",
      "version": "2.7.7",
      "systems": {
        "aarch64-darwin": {
          "outputs": [
            {
              "name": "out",
              "path": "/nix/store/cj6ncwq4l5fylp6s8q3c2zkav9gnb7dv-composer-2.7.7",
              "default": true
            }
          ],
          "store_path": "/nix/store/cj6ncwq4l5fylp6s8q3c2zkav9gnb7dv-composer-2.7.7"
        },
        "aarch64-linux": {
          "outputs": [
            {
              "name": "out",
              "path": "/nix/store/5rjan5wm7vlx38aja7v6fwd0612zap72-composer-2.7.7",
              "default": true
            }
          ],
          "store_path": "/nix/store/5rjan5wm7vlx38aja7v6fwd0612zap72-composer-2.7.7"
        },
        "x86_64-darwin": {
          "outputs": [
            {
              "name": "out",
              "path": "/nix/store/3nzwddc9v8qbm71xm40k3nq2xmp58rn3-composer-2.7.7",
              "default": true
            }
          ],
          "store_path": "/nix/store/3nzwddc9v8qbm71xm40k3nq2xmp58rn3-composer-2.7.7"
        },
        "x86_64-linux": {
          "outputs": [
            {
              "name": "out",
              "path": "/nix/store/9l48l88x57rzxhkvv3y43wjky3wzbqh6-composer-2.7.7",
              "default": true
            }
          ],
          "store_path": "/nix/store/9l48l88x57rzxhkvv3y43wjky3wzbqh6-composer-2.7.7"
        }
      }
    },
    "php@latest": {
      "last_modified": "2024-08-14T11:41:26Z",
      "plugin_version": "0.0.3",
      "resolved": "github:NixOS/nixpkgs/0cb2fd7c59fed0cd82ef858cbcbdb552b9a33465#php83",
      "source": "devbox-search",
      "version": "8.3.10",
      "systems": {
        "aarch64-darwin": {
          "outputs": [
            {
              "name": "out",
              "path": "/nix/store/8vr4j4mfx4p0w76myf87020n571vfysr-php-with-extensions-8.3.10",
              "default": true
            }
          ],
          "store_path": "/nix/store/8vr4j4mfx4p0w76myf87020n571vfysr-php-with-extensions-8.3.10"
        },
        "aarch64-linux": {
          "outputs": [
            {
              "name": "out",
              "path": "/nix/store/p2bawfvhcbrz9qd6wmldnljp5lphc34f-php-with-extensions-8.3.10",
              "default": true
            }
          ],
          "store_path": "/nix/store/p2bawfvhcbrz9qd6wmldnljp5lphc34f-php-with-extensions-8.3.10"
        },
        "x86_64-darwin": {
          "outputs": [
            {
              "name": "out",
              "path": "/nix/store/dpi2qvizfr9rka42d20hxn079qf9jfvx-php-with-extensions-8.3.10",
              "default": true
            }
          ],
          "store_path": "/nix/store/dpi2qvizfr9rka42d20hxn079qf9jfvx-php-with-extensions-8.3.10"
        },
        "x86_64-linux": {
          "outputs": [
            {
              "name": "out",
              "path": "/nix/store/yjvkhgz3bsksc77n1mj7n1177kvzqb2g-php-with-extensions-8.3.10",
              "default": true
            }
          ],
          "store_path": "/nix/store/yjvkhgz3bsksc77n1mj7n1177kvzqb2g-php-with-extensions-8.3.10"
        }
      }
    }
  }
}
