{
  "lockfile_version": "1",
  "packages": {
    "github:NixOS/nixpkgs/nixpkgs-unstable": {
      "resolved": "github:NixOS/nixpkgs/3fcbdcfc707e0aa42c541b7743e05820472bdaec?lastModified=1747467164&narHash=sha256-JBXbjJ0t6T6BbVc9iPVquQI9XSXCGQJD8c8SgnUquus%3D"
    },
    "nodejs@24": {
      "last_modified": "2025-12-27T12:56:01Z",
      "plugin_version": "0.0.2",
      "resolved": "github:NixOS/nixpkgs/3edc4a30ed3903fdf6f90c837f961fa6b49582d1#nodejs_24",
      "source": "devbox-search",
      "version": "24.12.0",
      "systems": {
        "aarch64-darwin": {
          "outputs": [
            {
              "name": "out",
              "path": "/nix/store/b1h0af3yb3z9jz048phclcqw6ihiww67-nodejs-24.12.0",
              "default": true
            },
            {
              "name": "dev",
              "path": "/nix/store/ksn4nj0nbp0ikmh4scy9x4biqqdswwhy-nodejs-24.12.0-dev"
            },
            {
              "name": "libv8",
              "path": "/nix/store/3x72bm7l30ib7l7cximrp0sklcq8jqwy-nodejs-24.12.0-libv8"
            }
          ],
          "store_path": "/nix/store/b1h0af3yb3z9jz048phclcqw6ihiww67-nodejs-24.12.0"
        },
        "aarch64-linux": {
          "outputs": [
            {
              "name": "out",
              "path": "/nix/store/9jfsyhcr9c6rpm94lrkibv75jkggvwss-nodejs-24.12.0",
              "default": true
            },
            {
              "name": "dev",
              "path": "/nix/store/7izhv9x1yvsmyrhmmyps6bxjjclajm80-nodejs-24.12.0-dev"
            },
            {
              "name": "libv8",
              "path": "/nix/store/8hl74pnc1qyz68rg10ixw7fz32hcxqkk-nodejs-24.12.0-libv8"
            }
          ],
          "store_path": "/nix/store/9jfsyhcr9c6rpm94lrkibv75jkggvwss-nodejs-24.12.0"
        },
        "x86_64-darwin": {
          "outputs": [
            {
              "name": "out",
              "path": "/nix/store/cj1243xswxvnwgifyiyg8axhn0r2vl48-nodejs-24.12.0",
              "default": true
            },
            {
              "name": "dev",
              "path": "/nix/store/kzia3rkaf9vwpn3py23q9v49jpjm6zx7-nodejs-24.12.0-dev"
            },
            {
              "name": "libv8",
              "path": "/nix/store/xszji81xj7ghjhz7jk0jkhb84nfwyd8f-nodejs-24.12.0-libv8"
            }
          ],
          "store_path": "/nix/store/cj1243xswxvnwgifyiyg8axhn0r2vl48-nodejs-24.12.0"
        },
        "x86_64-linux": {
          "outputs": [
            {
              "name": "out",
              "path": "/nix/store/9z1v3wyrxp6fpyzw21lcakd5w7aknzyc-nodejs-24.12.0",
              "default": true
            },
            {
              "name": "libv8",
              "path": "/nix/store/5yvx909wlis13qd2y1ahwl7ij21ma69a-nodejs-24.12.0-libv8"
            },
            {
              "name": "dev",
              "path": "/nix/store/7ll99p08gmpg0n048669p80zjibl5akr-nodejs-24.12.0-dev"
            }
          ],
          "store_path": "/nix/store/9z1v3wyrxp6fpyzw21lcakd5w7aknzyc-nodejs-24.12.0"
        }
      }
    },
    "php83Packages.composer@latest": {
      "last_modified": "2024-08-20T09:32:23Z",
      "resolved": "github:NixOS/nixpkgs/a04eac9c5aa7f82e02d6e9e0b203b6eb5704c141#php83Packages.composer",
      "source": "devbox-search",
      "version": "2.7.7",
      "systems": {
        "aarch64-darwin": {
          "outputs": [
            {
              "name": "out",
              "path": "/nix/store/cj6ncwq4l5fylp6s8q3c2zkav9gnb7dv-composer-2.7.7",
              "default": true
            }
          ],
          "store_path": "/nix/store/cj6ncwq4l5fylp6s8q3c2zkav9gnb7dv-composer-2.7.7"
        },
        "aarch64-linux": {
          "outputs": [
            {
              "name": "out",
              "path": "/nix/store/5rjan5wm7vlx38aja7v6fwd0612zap72-composer-2.7.7",
              "default": true
            }
          ],
          "store_path": "/nix/store/5rjan5wm7vlx38aja7v6fwd0612zap72-composer-2.7.7"
        },
        "x86_64-darwin": {
          "outputs": [
            {
              "name": "out",
              "path": "/nix/store/3nzwddc9v8qbm71xm40k3nq2xmp58rn3-composer-2.7.7",
              "default": true
            }
          ],
          "store_path": "/nix/store/3nzwddc9v8qbm71xm40k3nq2xmp58rn3-composer-2.7.7"
        },
        "x86_64-linux": {
          "outputs": [
            {
              "name": "out",
              "path": "/nix/store/9l48l88x57rzxhkvv3y43wjky3wzbqh6-composer-2.7.7",
              "default": true
            }
          ],
          "store_path": "/nix/store/9l48l88x57rzxhkvv3y43wjky3wzbqh6-composer-2.7.7"
        }
      }
    },
    "php@latest": {
      "last_modified": "2024-08-14T11:41:26Z",
      "plugin_version": "0.0.3",
      "resolved": "github:NixOS/nixpkgs/0cb2fd7c59fed0cd82ef858cbcbdb552b9a33465#php83",
      "source": "devbox-search",
      "version": "8.3.10",
      "systems": {
        "aarch64-darwin": {
          "outputs": [
            {
              "name": "out",
              "path": "/nix/store/8vr4j4mfx4p0w76myf87020n571vfysr-php-with-extensions-8.3.10",
              "default": true
            }
          ],
          "store_path": "/nix/store/8vr4j4mfx4p0w76myf87020n571vfysr-php-with-extensions-8.3.10"
        },
        "aarch64-linux": {
          "outputs": [
            {
              "name": "out",
              "path": "/nix/store/p2bawfvhcbrz9qd6wmldnljp5lphc34f-php-with-extensions-8.3.10",
              "default": true
            }
          ],
          "store_path": "/nix/store/p2bawfvhcbrz9qd6wmldnljp5lphc34f-php-with-extensions-8.3.10"
        },
        "x86_64-darwin": {
          "outputs": [
            {
              "name": "out",
              "path": "/nix/store/dpi2qvizfr9rka42d20hxn079qf9jfvx-php-with-extensions-8.3.10",
              "default": true
            }
          ],
          "store_path": "/nix/store/dpi2qvizfr9rka42d20hxn079qf9jfvx-php-with-extensions-8.3.10"
        },
        "x86_64-linux": {
          "outputs": [
            {
              "name": "out",
              "path": "/nix/store/yjvkhgz3bsksc77n1mj7n1177kvzqb2g-php-with-extensions-8.3.10",
              "default": true
            }
          ],
          "store_path": "/nix/store/yjvkhgz3bsksc77n1mj7n1177kvzqb2g-php-with-extensions-8.3.10"
        }
      }
    },
    "prek@latest": {
      "last_modified": "2026-03-14T08:29:25Z",
      "resolved": "github:NixOS/nixpkgs/f82ce7af0b79ac154b12e27ed800aeb97413723c#prek",
      "source": "devbox-search",
      "version": "0.3.5",
      "systems": {
        "aarch64-darwin": {
          "outputs": [
            {
              "name": "out",
              "path": "/nix/store/r0r66fdc7iirp4dq2dr9cvxcwqpbbnd3-prek-0.3.5",
              "default": true
            }
          ],
          "store_path": "/nix/store/r0r66fdc7iirp4dq2dr9cvxcwqpbbnd3-prek-0.3.5"
        },
        "aarch64-linux": {
          "outputs": [
            {
              "name": "out",
              "path": "/nix/store/f5d4jzv26gicjzy8sq4v24d7whlmm7fa-prek-0.3.5",
              "default": true
            }
          ],
          "store_path": "/nix/store/f5d4jzv26gicjzy8sq4v24d7whlmm7fa-prek-0.3.5"
        },
        "x86_64-darwin": {
          "outputs": [
            {
              "name": "out",
              "path": "/nix/store/i1hvyb386qza5hsi9g82l9547pvsbyrv-prek-0.3.5",
              "default": true
            }
          ],
          "store_path": "/nix/store/i1hvyb386qza5hsi9g82l9547pvsbyrv-prek-0.3.5"
        },
        "x86_64-linux": {
          "outputs": [
            {
              "name": "out",
              "path": "/nix/store/yz3z6c8cyakkixhrxhn73nzfzj7202jm-prek-0.3.5",
              "default": true
            }
          ],
          "store_path": "/nix/store/yz3z6c8cyakkixhrxhn73nzfzj7202jm-prek-0.3.5"
        }
      }
    }
  }
}
